<?xml version="1.0" encoding="utf-8"?>
<Project ToolsVersion="4.0" xmlns="http://schemas.microsoft.com/developer/msbuild/2003">
  <ItemGroup>
    <ClCompile Include="..\include\imgui\imgui.cpp" />
    <ClCompile Include="..\include\imgui\imgui_demo.cpp" />
    <ClCompile Include="..\include\imgui\imgui_draw.cpp" />
    <ClCompile Include="AppClass.cpp" />
    <ClCompile Include="AppClassControls.cpp" />
    <ClCompile Include="AppClassMain.cpp" />
    <ClCompile Include="CameraController.cpp" />
    <ClCompile Include="ApplicationManager.cpp" />
    <ClCompile Include="ControllerConfiguration.cpp" />
    <ClCompile Include="EndGameMenu.cpp" />
    <ClCompile Include="MainMenu.cpp" />
    <ClCompile Include="Menus.cpp" />
    <ClCompile Include="MyEntity.cpp" />
    <ClCompile Include="MyEntityManager.cpp" />
    <ClCompile Include="Main.cpp" />
    <ClCompile Include="MyMesh.cpp" />
    <ClCompile Include="MyRigidBody.cpp" />
    <ClCompile Include="MySolver.cpp" />
    <ClCompile Include="PauseMenu.cpp" />
    <ClCompile Include="Platform.cpp" />
    <ClCompile Include="Player.cpp" />
    <ClCompile Include="AppClassGUI.cpp" />
  </ItemGroup>
  <ItemGroup>
    <ClInclude Include="..\include\imgui\imconfig.h" />
    <ClInclude Include="..\include\imgui\imgui.h" />
    <ClInclude Include="..\include\imgui\ImGuiObject.h" />
    <ClInclude Include="..\include\imgui\imgui_internal.h" />
    <ClInclude Include="..\res\resource.h" />
    <ClInclude Include="AppClass.h" />
    <ClInclude Include="CameraController.h" />
    <ClInclude Include="ApplicationManager.h" />
    <ClInclude Include="ControllerConfiguration.h" />
    <ClInclude Include="Definitions.h" />
    <ClInclude Include="EndGameMenu.h" />
    <ClInclude Include="MainMenu.h" />
    <ClInclude Include="Menus.h" />
    <ClInclude Include="MyEntity.h" />
    <ClInclude Include="MyEntityManager.h" />
    <ClInclude Include="Main.h" />
    <ClInclude Include="MyMesh.h" />
    <ClInclude Include="MyRigidBody.h" />
    <ClInclude Include="MySolver.h" />
    <ClInclude Include="PauseMenu.h" />
    <ClInclude Include="Platform.h" />
    <ClInclude Include="Player.h" />
  </ItemGroup>
  <ItemGroup>
    <ResourceCompile Include="..\res\BTO.rc" />
  </ItemGroup>
</Project>